# THIS IS AN AUTOGENERATED FILE. DO NOT EDIT THIS FILE DIRECTLY.
# yarn lockfile v1


asap@~2.0.3:
  version "2.0.5"
  resolved "https://registry.yarnpkg.com/asap/-/asap-2.0.5.tgz#522765b50c3510490e52d7dcfe085ef9ba96958f"

babel-helper-builder-react-jsx@^6.8.0:
  version "6.21.1"
  resolved "https://registry.yarnpkg.com/babel-helper-builder-react-jsx/-/babel-helper-builder-react-jsx-6.21.1.tgz#c4a24208655be9dc1cccf14d366da176f20645e4"
  dependencies:
    babel-runtime "^6.9.0"
    babel-types "^6.21.0"
    esutils "^2.0.0"
    lodash "^4.2.0"

babel-plugin-syntax-flow@^6.18.0, babel-plugin-syntax-flow@^6.3.13:
  version "6.18.0"
  resolved "https://registry.yarnpkg.com/babel-plugin-syntax-flow/-/babel-plugin-syntax-flow-6.18.0.tgz#4c3ab20a2af26aa20cd25995c398c4eb70310c8d"

babel-plugin-syntax-jsx@^6.3.13, babel-plugin-syntax-jsx@^6.8.0:
  version "6.18.0"
  resolved "https://registry.yarnpkg.com/babel-plugin-syntax-jsx/-/babel-plugin-syntax-jsx-6.18.0.tgz#0af32a9a6e13ca7a3fd5069e62d7b0f58d0d8946"

babel-plugin-transform-flow-strip-types@^6.3.13:
  version "6.21.0"
  resolved "https://registry.yarnpkg.com/babel-plugin-transform-flow-strip-types/-/babel-plugin-transform-flow-strip-types-6.21.0.tgz#2eea3f8b5bb234339b47283feac155cfb237b948"
  dependencies:
    babel-plugin-syntax-flow "^6.18.0"
    babel-runtime "^6.0.0"

babel-plugin-transform-react-display-name@^6.3.13:
  version "6.8.0"
  resolved "https://registry.yarnpkg.com/babel-plugin-transform-react-display-name/-/babel-plugin-transform-react-display-name-6.8.0.tgz#f7a084977383d728bdbdc2835bba0159577f660e"
  dependencies:
    babel-runtime "^6.0.0"

babel-plugin-transform-react-jsx-self@^6.11.0:
  version "6.11.0"
  resolved "https://registry.yarnpkg.com/babel-plugin-transform-react-jsx-self/-/babel-plugin-transform-react-jsx-self-6.11.0.tgz#605c9450c1429f97a930f7e1dfe3f0d9d0dbd0f4"
  dependencies:
    babel-plugin-syntax-jsx "^6.8.0"
    babel-runtime "^6.9.0"

babel-plugin-transform-react-jsx-source@^6.3.13:
  version "6.9.0"
  resolved "https://registry.yarnpkg.com/babel-plugin-transform-react-jsx-source/-/babel-plugin-transform-react-jsx-source-6.9.0.tgz#af684a05c2067a86e0957d4f343295ccf5dccf00"
  dependencies:
    babel-plugin-syntax-jsx "^6.8.0"
    babel-runtime "^6.9.0"

babel-plugin-transform-react-jsx@^6.3.13:
  version "6.8.0"
  resolved "https://registry.yarnpkg.com/babel-plugin-transform-react-jsx/-/babel-plugin-transform-react-jsx-6.8.0.tgz#94759942f70af18c617189aa7f3593f1644a71ab"
  dependencies:
    babel-helper-builder-react-jsx "^6.8.0"
    babel-plugin-syntax-jsx "^6.8.0"
    babel-runtime "^6.0.0"

babel-preset-react@^6.16.0:
  version "6.16.0"
  resolved "https://registry.yarnpkg.com/babel-preset-react/-/babel-preset-react-6.16.0.tgz#aa117d60de0928607e343c4828906e4661824316"
  dependencies:
    babel-plugin-syntax-flow "^6.3.13"
    babel-plugin-syntax-jsx "^6.3.13"
    babel-plugin-transform-flow-strip-types "^6.3.13"
    babel-plugin-transform-react-display-name "^6.3.13"
    babel-plugin-transform-react-jsx "^6.3.13"
    babel-plugin-transform-react-jsx-self "^6.11.0"
    babel-plugin-transform-react-jsx-source "^6.3.13"

babel-runtime@^6.0.0, babel-runtime@^6.20.0, babel-runtime@^6.9.0:
  version "6.20.0"
  resolved "https://registry.yarnpkg.com/babel-runtime/-/babel-runtime-6.20.0.tgz#87300bdcf4cd770f09bf0048c64204e17806d16f"
  dependencies:
    core-js "^2.4.0"
    regenerator-runtime "^0.10.0"

babel-types@^6.21.0:
  version "6.21.0"
  resolved "https://registry.yarnpkg.com/babel-types/-/babel-types-6.21.0.tgz#314b92168891ef6d3806b7f7a917fdf87c11a4b2"
  dependencies:
    babel-runtime "^6.20.0"
    esutils "^2.0.2"
    lodash "^4.2.0"
    to-fast-properties "^1.0.1"

core-js@^1.0.0:
  version "1.2.7"
  resolved "https://registry.yarnpkg.com/core-js/-/core-js-1.2.7.tgz#652294c14651db28fa93bd2d5ff2983a4f08c636"

core-js@^2.4.0:
  version "2.4.1"
  resolved "https://registry.yarnpkg.com/core-js/-/core-js-2.4.1.tgz#4de911e667b0eae9124e34254b53aea6fc618d3e"

encoding@^0.1.11:
  version "0.1.12"
  resolved "https://registry.yarnpkg.com/encoding/-/encoding-0.1.12.tgz#538b66f3ee62cd1ab51ec323829d1f9480c74beb"
  dependencies:
    iconv-lite "~0.4.13"

esutils@^2.0.0, esutils@^2.0.2:
  version "2.0.2"
  resolved "https://registry.yarnpkg.com/esutils/-/esutils-2.0.2.tgz#0abf4f1caa5bcb1f7a9d8acc6dea4faaa04bac9b"

fbjs@^0.8.4:
  version "0.8.8"
  resolved "https://registry.yarnpkg.com/fbjs/-/fbjs-0.8.8.tgz#02f1b6e0ea0d46c24e0b51a2d24df069563a5ad6"
  dependencies:
    core-js "^1.0.0"
    isomorphic-fetch "^2.1.1"
    loose-envify "^1.0.0"
    object-assign "^4.1.0"
    promise "^7.1.1"
    setimmediate "^1.0.5"
    ua-parser-js "^0.7.9"

iconv-lite@~0.4.13:
  version "0.4.15"
  resolved "https://registry.yarnpkg.com/iconv-lite/-/iconv-lite-0.4.15.tgz#fe265a218ac6a57cfe854927e9d04c19825eddeb"

is-stream@^1.0.1:
  version "1.1.0"
  resolved "https://registry.yarnpkg.com/is-stream/-/is-stream-1.1.0.tgz#12d4a3dd4e68e0b79ceb8dbc84173ae80d91ca44"

isomorphic-fetch@^2.1.1:
  version "2.2.1"
  resolved "https://registry.yarnpkg.com/isomorphic-fetch/-/isomorphic-fetch-2.2.1.tgz#611ae1acf14f5e81f729507472819fe9733558a9"
  dependencies:
    node-fetch "^1.0.1"
    whatwg-fetch ">=0.10.0"

js-tokens@^2.0.0:
  version "2.0.0"
  resolved "https://registry.yarnpkg.com/js-tokens/-/js-tokens-2.0.0.tgz#79903f5563ee778cc1162e6dcf1a0027c97f9cb5"

lodash@^4.2.0:
  version "4.17.2"
  resolved "https://registry.yarnpkg.com/lodash/-/lodash-4.17.2.tgz#34a3055babe04ce42467b607d700072c7ff6bf42"

loose-envify@^1.0.0, loose-envify@^1.1.0:
  version "1.3.0"
  resolved "https://registry.yarnpkg.com/loose-envify/-/loose-envify-1.3.0.tgz#6b26248c42f6d4fa4b0d8542f78edfcde35642a8"
  dependencies:
    js-tokens "^2.0.0"

node-fetch@^1.0.1:
  version "1.6.3"
  resolved "https://registry.yarnpkg.com/node-fetch/-/node-fetch-1.6.3.tgz#dc234edd6489982d58e8f0db4f695029abcd8c04"
  dependencies:
    encoding "^0.1.11"
    is-stream "^1.0.1"

object-assign@^4.1.0:
  version "4.1.0"
  resolved "https://registry.yarnpkg.com/object-assign/-/object-assign-4.1.0.tgz#7a3b3d0e98063d43f4c03f2e8ae6cd51a86883a0"

promise@^7.1.1:
  version "7.1.1"
  resolved "https://registry.yarnpkg.com/promise/-/promise-7.1.1.tgz#489654c692616b8aa55b0724fa809bb7db49c5bf"
  dependencies:
    asap "~2.0.3"

react@^15.4.1:
  version "15.4.1"
  resolved "https://registry.yarnpkg.com/react/-/react-15.4.1.tgz#498e918602677a3983cd0fd206dfe700389a0dd6"
  dependencies:
    fbjs "^0.8.4"
    loose-envify "^1.1.0"
    object-assign "^4.1.0"

regenerator-runtime@^0.10.0:
  version "0.10.1"
  resolved "https://registry.yarnpkg.com/regenerator-runtime/-/regenerator-runtime-0.10.1.tgz#257f41961ce44558b18f7814af48c17559f9faeb"

setimmediate@^1.0.5:
  version "1.0.5"
  resolved "https://registry.yarnpkg.com/setimmediate/-/setimmediate-1.0.5.tgz#290cbb232e306942d7d7ea9b83732ab7856f8285"

to-fast-properties@^1.0.1:
  version "1.0.2"
  resolved "https://registry.yarnpkg.com/to-fast-properties/-/to-fast-properties-1.0.2.tgz#f3f5c0c3ba7299a7ef99427e44633257ade43320"

ua-parser-js@^0.7.9:
  version "0.7.12"
  resolved "https://registry.yarnpkg.com/ua-parser-js/-/ua-parser-js-0.7.12.tgz#04c81a99bdd5dc52263ea29d24c6bf8d4818a4bb"

whatwg-fetch@>=0.10.0:
  version "2.0.1"
  resolved "https://registry.yarnpkg.com/whatwg-fetch/-/whatwg-fetch-2.0.1.tgz#078b9461bbe91cea73cbce8bb122a05f9e92b772"
